
Microsoft Visual Studio Solution File, Format Version 12.00
# Visual Studio Version 16
VisualStudioVersion = 16.0.30523.141
MinimumVisualStudioVersion = 15.0.26124.0
Project("{2150E333-8FDC-42A3-9474-1A3956D46DE8}") = "Caching", "Caching", "{9C5ABB8D-3CA8-4107-B7A2-8743572F35E8}"
EndProject
Project("{9A19103F-16F7-4668-BE54-9A1E7A4F7556}") = "Caching.Library", "Caching\Caching.Library\Caching.Library.csproj", "{4CFA1603-BDB1-456C-B306-D295EC8DAD7A}"
EndProject
Project("{9A19103F-16F7-4668-BE54-9A1E7A4F7556}") = "Caching.Tests", "Caching\Caching.Tests\Caching.Tests.csproj", "{37A2EBC0-0ED1-4E16-9F12-787A353BE651}"
EndProject
Project("{2150E333-8FDC-42A3-9474-1A3956D46DE8}") = "Instruments", "Instruments", "{29B4D551-ACD7-440C-95D3-87A097E8E39C}"
EndProject
Project("{9A19103F-16F7-4668-BE54-9A1E7A4F7556}") = "Instruments.Api", "Instruments\Instruments.Api\Instruments.Api.csproj", "{4DBE79C3-6F02-4107-B9D5-3FAC34CA291B}"
EndProject
Project("{9A19103F-16F7-4668-BE54-9A1E7A4F7556}") = "Instruments.Worker", "Instruments\Instruments.Worker\Instruments.Worker.csproj", "{E6DAA4FC-A740-41A8-BA1D-46776BA3E047}"
EndProject
Project("{9A19103F-16F7-4668-BE54-9A1E7A4F7556}") = "Instruments.Tests", "Instruments\Instruments.Tests\Instruments.Tests.csproj", "{88D0D6F4-DC11-4146-AF15-976111A0C122}"
EndProject
Project("{2150E333-8FDC-42A3-9474-1A3956D46DE8}") = "Users", "Users", "{F66AC61C-2BD1-4364-8EBE-6D76E09D60F1}"
EndProject
Project("{9A19103F-16F7-4668-BE54-9A1E7A4F7556}") = "Users.Api", "Users\Users.Api\Users.Api.csproj", "{AD07996D-450B-4D21-8B76-9B69BDABA0AA}"
EndProject
Project("{2150E333-8FDC-42A3-9474-1A3956D46DE8}") = "Configurations", "Configurations", "{F8B2C01A-5157-4245-9BDC-E01A57212337}"
EndProject
Project("{9A19103F-16F7-4668-BE54-9A1E7A4F7556}") = "Configurations.Api", "Configurations\Configurations.Api\Configurations.Api.csproj", "{E9FABEE3-E814-452E-B7D8-0EE036AC74A6}"
EndProject
Project("{9A19103F-16F7-4668-BE54-9A1E7A4F7556}") = "Configurations.Tests", "Configurations\Configurations.Tests\Configurations.Tests.csproj", "{11767288-180B-49D1-8A11-5A15FF40D959}"
EndProject
Project("{2150E333-8FDC-42A3-9474-1A3956D46DE8}") = "Common", "Common", "{40A80292-4AA7-4DE9-8395-541E093222DF}"
EndProject
Project("{9A19103F-16F7-4668-BE54-9A1E7A4F7556}") = "Common.Data", "Common\Common.Data\Common.Data.csproj", "{47345407-AF9F-4DCB-AC5C-12E4243C7003}"
EndProject
Project("{9A19103F-16F7-4668-BE54-9A1E7A4F7556}") = "Common.ServiceConfiguration", "Common\Common.ServiceConfiguration\Common.ServiceConfiguration.csproj", "{BF564669-6E00-42A9-A185-7BC8BEDE72A1}"
EndProject
Project("{9A19103F-16F7-4668-BE54-9A1E7A4F7556}") = "Common.Tests", "Common\Common.Tests\Common.Tests.csproj", "{957D7363-76D8-4518-AB25-699C117A5EB0}"
EndProject
Project("{FAE04EC0-301F-11D3-BF4B-00C04F79EFBC}") = "Instruments.Storage", "Instruments\Instruments.Storage\Instruments.Storage.csproj", "{96344DD3-D1D3-475E-9477-155EE5052841}"
EndProject
Global
	GlobalSection(SolutionConfigurationPlatforms) = preSolution
		Debug|Any CPU = Debug|Any CPU
		Debug|x64 = Debug|x64
		Debug|x86 = Debug|x86
		Release|Any CPU = Release|Any CPU
		Release|x64 = Release|x64
		Release|x86 = Release|x86
	EndGlobalSection
	GlobalSection(ProjectConfigurationPlatforms) = postSolution
		{4CFA1603-BDB1-456C-B306-D295EC8DAD7A}.Debug|Any CPU.ActiveCfg = Debug|Any CPU
		{4CFA1603-BDB1-456C-B306-D295EC8DAD7A}.Debug|Any CPU.Build.0 = Debug|Any CPU
		{4CFA1603-BDB1-456C-B306-D295EC8DAD7A}.Debug|x64.ActiveCfg = Debug|Any CPU
		{4CFA1603-BDB1-456C-B306-D295EC8DAD7A}.Debug|x64.Build.0 = Debug|Any CPU
		{4CFA1603-BDB1-456C-B306-D295EC8DAD7A}.Debug|x86.ActiveCfg = Debug|Any CPU
		{4CFA1603-BDB1-456C-B306-D295EC8DAD7A}.Debug|x86.Build.0 = Debug|Any CPU
		{4CFA1603-BDB1-456C-B306-D295EC8DAD7A}.Release|Any CPU.ActiveCfg = Release|Any CPU
		{4CFA1603-BDB1-456C-B306-D295EC8DAD7A}.Release|Any CPU.Build.0 = Release|Any CPU
		{4CFA1603-BDB1-456C-B306-D295EC8DAD7A}.Release|x64.ActiveCfg = Release|Any CPU
		{4CFA1603-BDB1-456C-B306-D295EC8DAD7A}.Release|x64.Build.0 = Release|Any CPU
		{4CFA1603-BDB1-456C-B306-D295EC8DAD7A}.Release|x86.ActiveCfg = Release|Any CPU
		{4CFA1603-BDB1-456C-B306-D295EC8DAD7A}.Release|x86.Build.0 = Release|Any CPU
		{37A2EBC0-0ED1-4E16-9F12-787A353BE651}.Debug|Any CPU.ActiveCfg = Debug|Any CPU
		{37A2EBC0-0ED1-4E16-9F12-787A353BE651}.Debug|Any CPU.Build.0 = Debug|Any CPU
		{37A2EBC0-0ED1-4E16-9F12-787A353BE651}.Debug|x64.ActiveCfg = Debug|Any CPU
		{37A2EBC0-0ED1-4E16-9F12-787A353BE651}.Debug|x64.Build.0 = Debug|Any CPU
		{37A2EBC0-0ED1-4E16-9F12-787A353BE651}.Debug|x86.ActiveCfg = Debug|Any CPU
		{37A2EBC0-0ED1-4E16-9F12-787A353BE651}.Debug|x86.Build.0 = Debug|Any CPU
		{37A2EBC0-0ED1-4E16-9F12-787A353BE651}.Release|Any CPU.ActiveCfg = Release|Any CPU
		{37A2EBC0-0ED1-4E16-9F12-787A353BE651}.Release|Any CPU.Build.0 = Release|Any CPU
		{37A2EBC0-0ED1-4E16-9F12-787A353BE651}.Release|x64.ActiveCfg = Release|Any CPU
		{37A2EBC0-0ED1-4E16-9F12-787A353BE651}.Release|x64.Build.0 = Release|Any CPU
		{37A2EBC0-0ED1-4E16-9F12-787A353BE651}.Release|x86.ActiveCfg = Release|Any CPU
		{37A2EBC0-0ED1-4E16-9F12-787A353BE651}.Release|x86.Build.0 = Release|Any CPU
		{4DBE79C3-6F02-4107-B9D5-3FAC34CA291B}.Debug|Any CPU.ActiveCfg = Debug|Any CPU
		{4DBE79C3-6F02-4107-B9D5-3FAC34CA291B}.Debug|Any CPU.Build.0 = Debug|Any CPU
		{4DBE79C3-6F02-4107-B9D5-3FAC34CA291B}.Debug|x64.ActiveCfg = Debug|Any CPU
		{4DBE79C3-6F02-4107-B9D5-3FAC34CA291B}.Debug|x64.Build.0 = Debug|Any CPU
		{4DBE79C3-6F02-4107-B9D5-3FAC34CA291B}.Debug|x86.ActiveCfg = Debug|Any CPU
		{4DBE79C3-6F02-4107-B9D5-3FAC34CA291B}.Debug|x86.Build.0 = Debug|Any CPU
		{4DBE79C3-6F02-4107-B9D5-3FAC34CA291B}.Release|Any CPU.ActiveCfg = Release|Any CPU
		{4DBE79C3-6F02-4107-B9D5-3FAC34CA291B}.Release|Any CPU.Build.0 = Release|Any CPU
		{4DBE79C3-6F02-4107-B9D5-3FAC34CA291B}.Release|x64.ActiveCfg = Release|Any CPU
		{4DBE79C3-6F02-4107-B9D5-3FAC34CA291B}.Release|x64.Build.0 = Release|Any CPU
		{4DBE79C3-6F02-4107-B9D5-3FAC34CA291B}.Release|x86.ActiveCfg = Release|Any CPU
		{4DBE79C3-6F02-4107-B9D5-3FAC34CA291B}.Release|x86.Build.0 = Release|Any CPU
		{E6DAA4FC-A740-41A8-BA1D-46776BA3E047}.Debug|Any CPU.ActiveCfg = Debug|Any CPU
		{E6DAA4FC-A740-41A8-BA1D-46776BA3E047}.Debug|Any CPU.Build.0 = Debug|Any CPU
		{E6DAA4FC-A740-41A8-BA1D-46776BA3E047}.Debug|x64.ActiveCfg = Debug|Any CPU
		{E6DAA4FC-A740-41A8-BA1D-46776BA3E047}.Debug|x64.Build.0 = Debug|Any CPU
		{E6DAA4FC-A740-41A8-BA1D-46776BA3E047}.Debug|x86.ActiveCfg = Debug|Any CPU
		{E6DAA4FC-A740-41A8-BA1D-46776BA3E047}.Debug|x86.Build.0 = Debug|Any CPU
		{E6DAA4FC-A740-41A8-BA1D-46776BA3E047}.Release|Any CPU.ActiveCfg = Release|Any CPU
		{E6DAA4FC-A740-41A8-BA1D-46776BA3E047}.Release|Any CPU.Build.0 = Release|Any CPU
		{E6DAA4FC-A740-41A8-BA1D-46776BA3E047}.Release|x64.ActiveCfg = Release|Any CPU
		{E6DAA4FC-A740-41A8-BA1D-46776BA3E047}.Release|x64.Build.0 = Release|Any CPU
		{E6DAA4FC-A740-41A8-BA1D-46776BA3E047}.Release|x86.ActiveCfg = Release|Any CPU
		{E6DAA4FC-A740-41A8-BA1D-46776BA3E047}.Release|x86.Build.0 = Release|Any CPU
		{88D0D6F4-DC11-4146-AF15-976111A0C122}.Debug|Any CPU.ActiveCfg = Debug|Any CPU
		{88D0D6F4-DC11-4146-AF15-976111A0C122}.Debug|Any CPU.Build.0 = Debug|Any CPU
		{88D0D6F4-DC11-4146-AF15-976111A0C122}.Debug|x64.ActiveCfg = Debug|Any CPU
		{88D0D6F4-DC11-4146-AF15-976111A0C122}.Debug|x64.Build.0 = Debug|Any CPU
		{88D0D6F4-DC11-4146-AF15-976111A0C122}.Debug|x86.ActiveCfg = Debug|Any CPU
		{88D0D6F4-DC11-4146-AF15-976111A0C122}.Debug|x86.Build.0 = Debug|Any CPU
		{88D0D6F4-DC11-4146-AF15-976111A0C122}.Release|Any CPU.ActiveCfg = Release|Any CPU
		{88D0D6F4-DC11-4146-AF15-976111A0C122}.Release|Any CPU.Build.0 = Release|Any CPU
		{88D0D6F4-DC11-4146-AF15-976111A0C122}.Release|x64.ActiveCfg = Release|Any CPU
		{88D0D6F4-DC11-4146-AF15-976111A0C122}.Release|x64.Build.0 = Release|Any CPU
		{88D0D6F4-DC11-4146-AF15-976111A0C122}.Release|x86.ActiveCfg = Release|Any CPU
		{88D0D6F4-DC11-4146-AF15-976111A0C122}.Release|x86.Build.0 = Release|Any CPU
		{AD07996D-450B-4D21-8B76-9B69BDABA0AA}.Debug|Any CPU.ActiveCfg = Debug|Any CPU
		{AD07996D-450B-4D21-8B76-9B69BDABA0AA}.Debug|Any CPU.Build.0 = Debug|Any CPU
		{AD07996D-450B-4D21-8B76-9B69BDABA0AA}.Debug|x64.ActiveCfg = Debug|Any CPU
		{AD07996D-450B-4D21-8B76-9B69BDABA0AA}.Debug|x64.Build.0 = Debug|Any CPU
		{AD07996D-450B-4D21-8B76-9B69BDABA0AA}.Debug|x86.ActiveCfg = Debug|Any CPU
		{AD07996D-450B-4D21-8B76-9B69BDABA0AA}.Debug|x86.Build.0 = Debug|Any CPU
		{AD07996D-450B-4D21-8B76-9B69BDABA0AA}.Release|Any CPU.ActiveCfg = Release|Any CPU
		{AD07996D-450B-4D21-8B76-9B69BDABA0AA}.Release|Any CPU.Build.0 = Release|Any CPU
		{AD07996D-450B-4D21-8B76-9B69BDABA0AA}.Release|x64.ActiveCfg = Release|Any CPU
		{AD07996D-450B-4D21-8B76-9B69BDABA0AA}.Release|x64.Build.0 = Release|Any CPU
		{AD07996D-450B-4D21-8B76-9B69BDABA0AA}.Release|x86.ActiveCfg = Release|Any CPU
		{AD07996D-450B-4D21-8B76-9B69BDABA0AA}.Release|x86.Build.0 = Release|Any CPU
		{E9FABEE3-E814-452E-B7D8-0EE036AC74A6}.Debug|Any CPU.ActiveCfg = Debug|Any CPU
		{E9FABEE3-E814-452E-B7D8-0EE036AC74A6}.Debug|Any CPU.Build.0 = Debug|Any CPU
		{E9FABEE3-E814-452E-B7D8-0EE036AC74A6}.Debug|x64.ActiveCfg = Debug|Any CPU
		{E9FABEE3-E814-452E-B7D8-0EE036AC74A6}.Debug|x64.Build.0 = Debug|Any CPU
		{E9FABEE3-E814-452E-B7D8-0EE036AC74A6}.Debug|x86.ActiveCfg = Debug|Any CPU
		{E9FABEE3-E814-452E-B7D8-0EE036AC74A6}.Debug|x86.Build.0 = Debug|Any CPU
		{E9FABEE3-E814-452E-B7D8-0EE036AC74A6}.Release|Any CPU.ActiveCfg = Release|Any CPU
		{E9FABEE3-E814-452E-B7D8-0EE036AC74A6}.Release|Any CPU.Build.0 = Release|Any CPU
		{E9FABEE3-E814-452E-B7D8-0EE036AC74A6}.Release|x64.ActiveCfg = Release|Any CPU
		{E9FABEE3-E814-452E-B7D8-0EE036AC74A6}.Release|x64.Build.0 = Release|Any CPU
		{E9FABEE3-E814-452E-B7D8-0EE036AC74A6}.Release|x86.ActiveCfg = Release|Any CPU
		{E9FABEE3-E814-452E-B7D8-0EE036AC74A6}.Release|x86.Build.0 = Release|Any CPU
		{11767288-180B-49D1-8A11-5A15FF40D959}.Debug|Any CPU.ActiveCfg = Debug|Any CPU
		{11767288-180B-49D1-8A11-5A15FF40D959}.Debug|Any CPU.Build.0 = Debug|Any CPU
		{11767288-180B-49D1-8A11-5A15FF40D959}.Debug|x64.ActiveCfg = Debug|Any CPU
		{11767288-180B-49D1-8A11-5A15FF40D959}.Debug|x64.Build.0 = Debug|Any CPU
		{11767288-180B-49D1-8A11-5A15FF40D959}.Debug|x86.ActiveCfg = Debug|Any CPU
		{11767288-180B-49D1-8A11-5A15FF40D959}.Debug|x86.Build.0 = Debug|Any CPU
		{11767288-180B-49D1-8A11-5A15FF40D959}.Release|Any CPU.ActiveCfg = Release|Any CPU
		{11767288-180B-49D1-8A11-5A15FF40D959}.Release|Any CPU.Build.0 = Release|Any CPU
		{11767288-180B-49D1-8A11-5A15FF40D959}.Release|x64.ActiveCfg = Release|Any CPU
		{11767288-180B-49D1-8A11-5A15FF40D959}.Release|x64.Build.0 = Release|Any CPU
		{11767288-180B-49D1-8A11-5A15FF40D959}.Release|x86.ActiveCfg = Release|Any CPU
		{11767288-180B-49D1-8A11-5A15FF40D959}.Release|x86.Build.0 = Release|Any CPU
		{47345407-AF9F-4DCB-AC5C-12E4243C7003}.Debug|Any CPU.ActiveCfg = Debug|Any CPU
		{47345407-AF9F-4DCB-AC5C-12E4243C7003}.Debug|Any CPU.Build.0 = Debug|Any CPU
		{47345407-AF9F-4DCB-AC5C-12E4243C7003}.Debug|x64.ActiveCfg = Debug|Any CPU
		{47345407-AF9F-4DCB-AC5C-12E4243C7003}.Debug|x64.Build.0 = Debug|Any CPU
		{47345407-AF9F-4DCB-AC5C-12E4243C7003}.Debug|x86.ActiveCfg = Debug|Any CPU
		{47345407-AF9F-4DCB-AC5C-12E4243C7003}.Debug|x86.Build.0 = Debug|Any CPU
		{47345407-AF9F-4DCB-AC5C-12E4243C7003}.Release|Any CPU.ActiveCfg = Release|Any CPU
		{47345407-AF9F-4DCB-AC5C-12E4243C7003}.Release|Any CPU.Build.0 = Release|Any CPU
		{47345407-AF9F-4DCB-AC5C-12E4243C7003}.Release|x64.ActiveCfg = Release|Any CPU
		{47345407-AF9F-4DCB-AC5C-12E4243C7003}.Release|x64.Build.0 = Release|Any CPU
		{47345407-AF9F-4DCB-AC5C-12E4243C7003}.Release|x86.ActiveCfg = Release|Any CPU
		{47345407-AF9F-4DCB-AC5C-12E4243C7003}.Release|x86.Build.0 = Release|Any CPU
		{BF564669-6E00-42A9-A185-7BC8BEDE72A1}.Debug|Any CPU.ActiveCfg = Debug|Any CPU
		{BF564669-6E00-42A9-A185-7BC8BEDE72A1}.Debug|Any CPU.Build.0 = Debug|Any CPU
		{BF564669-6E00-42A9-A185-7BC8BEDE72A1}.Debug|x64.ActiveCfg = Debug|Any CPU
		{BF564669-6E00-42A9-A185-7BC8BEDE72A1}.Debug|x64.Build.0 = Debug|Any CPU
		{BF564669-6E00-42A9-A185-7BC8BEDE72A1}.Debug|x86.ActiveCfg = Debug|Any CPU
		{BF564669-6E00-42A9-A185-7BC8BEDE72A1}.Debug|x86.Build.0 = Debug|Any CPU
		{BF564669-6E00-42A9-A185-7BC8BEDE72A1}.Release|Any CPU.ActiveCfg = Release|Any CPU
		{BF564669-6E00-42A9-A185-7BC8BEDE72A1}.Release|Any CPU.Build.0 = Release|Any CPU
		{BF564669-6E00-42A9-A185-7BC8BEDE72A1}.Release|x64.ActiveCfg = Release|Any CPU
		{BF564669-6E00-42A9-A185-7BC8BEDE72A1}.Release|x64.Build.0 = Release|Any CPU
		{BF564669-6E00-42A9-A185-7BC8BEDE72A1}.Release|x86.ActiveCfg = Release|Any CPU
		{BF564669-6E00-42A9-A185-7BC8BEDE72A1}.Release|x86.Build.0 = Release|Any CPU
		{957D7363-76D8-4518-AB25-699C117A5EB0}.Debug|Any CPU.ActiveCfg = Debug|Any CPU
		{957D7363-76D8-4518-AB25-699C117A5EB0}.Debug|Any CPU.Build.0 = Debug|Any CPU
		{957D7363-76D8-4518-AB25-699C117A5EB0}.Debug|x64.ActiveCfg = Debug|Any CPU
		{957D7363-76D8-4518-AB25-699C117A5EB0}.Debug|x64.Build.0 = Debug|Any CPU
		{957D7363-76D8-4518-AB25-699C117A5EB0}.Debug|x86.ActiveCfg = Debug|Any CPU
		{957D7363-76D8-4518-AB25-699C117A5EB0}.Debug|x86.Build.0 = Debug|Any CPU
		{957D7363-76D8-4518-AB25-699C117A5EB0}.Release|Any CPU.ActiveCfg = Release|Any CPU
		{957D7363-76D8-4518-AB25-699C117A5EB0}.Release|Any CPU.Build.0 = Release|Any CPU
		{957D7363-76D8-4518-AB25-699C117A5EB0}.Release|x64.ActiveCfg = Release|Any CPU
		{957D7363-76D8-4518-AB25-699C117A5EB0}.Release|x64.Build.0 = Release|Any CPU
		{957D7363-76D8-4518-AB25-699C117A5EB0}.Release|x86.ActiveCfg = Release|Any CPU
		{957D7363-76D8-4518-AB25-699C117A5EB0}.Release|x86.Build.0 = Release|Any CPU
		{96344DD3-D1D3-475E-9477-155EE5052841}.Debug|Any CPU.ActiveCfg = Debug|Any CPU
		{96344DD3-D1D3-475E-9477-155EE5052841}.Debug|Any CPU.Build.0 = Debug|Any CPU
		{96344DD3-D1D3-475E-9477-155EE5052841}.Debug|x64.ActiveCfg = Debug|Any CPU
		{96344DD3-D1D3-475E-9477-155EE5052841}.Debug|x64.Build.0 = Debug|Any CPU
		{96344DD3-D1D3-475E-9477-155EE5052841}.Debug|x86.ActiveCfg = Debug|Any CPU
		{96344DD3-D1D3-475E-9477-155EE5052841}.Debug|x86.Build.0 = Debug|Any CPU
		{96344DD3-D1D3-475E-9477-155EE5052841}.Release|Any CPU.ActiveCfg = Release|Any CPU
		{96344DD3-D1D3-475E-9477-155EE5052841}.Release|Any CPU.Build.0 = Release|Any CPU
		{96344DD3-D1D3-475E-9477-155EE5052841}.Release|x64.ActiveCfg = Release|Any CPU
		{96344DD3-D1D3-475E-9477-155EE5052841}.Release|x64.Build.0 = Release|Any CPU
		{96344DD3-D1D3-475E-9477-155EE5052841}.Release|x86.ActiveCfg = Release|Any CPU
		{96344DD3-D1D3-475E-9477-155EE5052841}.Release|x86.Build.0 = Release|Any CPU
	EndGlobalSection
	GlobalSection(SolutionProperties) = preSolution
		HideSolutionNode = FALSE
	EndGlobalSection
	GlobalSection(NestedProjects) = preSolution
		{4CFA1603-BDB1-456C-B306-D295EC8DAD7A} = {9C5ABB8D-3CA8-4107-B7A2-8743572F35E8}
		{37A2EBC0-0ED1-4E16-9F12-787A353BE651} = {9C5ABB8D-3CA8-4107-B7A2-8743572F35E8}
		{4DBE79C3-6F02-4107-B9D5-3FAC34CA291B} = {29B4D551-ACD7-440C-95D3-87A097E8E39C}
		{E6DAA4FC-A740-41A8-BA1D-46776BA3E047} = {29B4D551-ACD7-440C-95D3-87A097E8E39C}
		{88D0D6F4-DC11-4146-AF15-976111A0C122} = {29B4D551-ACD7-440C-95D3-87A097E8E39C}
		{AD07996D-450B-4D21-8B76-9B69BDABA0AA} = {F66AC61C-2BD1-4364-8EBE-6D76E09D60F1}
		{E9FABEE3-E814-452E-B7D8-0EE036AC74A6} = {F8B2C01A-5157-4245-9BDC-E01A57212337}
		{11767288-180B-49D1-8A11-5A15FF40D959} = {F8B2C01A-5157-4245-9BDC-E01A57212337}
		{47345407-AF9F-4DCB-AC5C-12E4243C7003} = {40A80292-4AA7-4DE9-8395-541E093222DF}
		{BF564669-6E00-42A9-A185-7BC8BEDE72A1} = {40A80292-4AA7-4DE9-8395-541E093222DF}
		{957D7363-76D8-4518-AB25-699C117A5EB0} = {40A80292-4AA7-4DE9-8395-541E093222DF}
		{96344DD3-D1D3-475E-9477-155EE5052841} = {29B4D551-ACD7-440C-95D3-87A097E8E39C}
	EndGlobalSection
	GlobalSection(ExtensibilityGlobals) = postSolution
		SolutionGuid = {72879133-3322-41D1-98ED-AAD93262D242}
	EndGlobalSection
EndGlobal
