
Microsoft Visual Studio Solution File, Format Version 12.00
# Visual Studio Version 16
VisualStudioVersion = 16.0.30204.135
MinimumVisualStudioVersion = 15.0.26124.0
Project("{9A19103F-16F7-4668-BE54-9A1E7A4F7556}") = "ForexMiner.Heimdallr.UserManager", "ForexMiner.Heimdallr.UserManager\ForexMiner.Heimdallr.UserManager.csproj", "{4F8F0DBD-3A70-46AF-8759-1628049B5AFB}"
EndProject
Project("{9A19103F-16F7-4668-BE54-9A1E7A4F7556}") = "ForexMiner.Heimdallr.DTO", "ForexMiner.Heimdallr.DTO\ForexMiner.Heimdallr.DTO.csproj", "{6B703D38-2922-4899-9536-85CE3E53E936}"
EndProject
Project("{E53339B2-1760-4266-BCC7-CA923CBCF16C}") = "docker-compose", "docker-compose.dcproj", "{223DA419-0C3C-4FC0-8311-20169C8CA91A}"
EndProject
Global
	GlobalSection(SolutionConfigurationPlatforms) = preSolution
		Debug|Any CPU = Debug|Any CPU
		Debug|x64 = Debug|x64
		Debug|x86 = Debug|x86
		Release|Any CPU = Release|Any CPU
		Release|x64 = Release|x64
		Release|x86 = Release|x86
	EndGlobalSection
	GlobalSection(ProjectConfigurationPlatforms) = postSolution
		{4F8F0DBD-3A70-46AF-8759-1628049B5AFB}.Debug|Any CPU.ActiveCfg = Debug|Any CPU
		{4F8F0DBD-3A70-46AF-8759-1628049B5AFB}.Debug|Any CPU.Build.0 = Debug|Any CPU
		{4F8F0DBD-3A70-46AF-8759-1628049B5AFB}.Debug|x64.ActiveCfg = Debug|Any CPU
		{4F8F0DBD-3A70-46AF-8759-1628049B5AFB}.Debug|x64.Build.0 = Debug|Any CPU
		{4F8F0DBD-3A70-46AF-8759-1628049B5AFB}.Debug|x86.ActiveCfg = Debug|Any CPU
		{4F8F0DBD-3A70-46AF-8759-1628049B5AFB}.Debug|x86.Build.0 = Debug|Any CPU
		{4F8F0DBD-3A70-46AF-8759-1628049B5AFB}.Release|Any CPU.ActiveCfg = Release|Any CPU
		{4F8F0DBD-3A70-46AF-8759-1628049B5AFB}.Release|Any CPU.Build.0 = Release|Any CPU
		{4F8F0DBD-3A70-46AF-8759-1628049B5AFB}.Release|x64.ActiveCfg = Release|Any CPU
		{4F8F0DBD-3A70-46AF-8759-1628049B5AFB}.Release|x64.Build.0 = Release|Any CPU
		{4F8F0DBD-3A70-46AF-8759-1628049B5AFB}.Release|x86.ActiveCfg = Release|Any CPU
		{4F8F0DBD-3A70-46AF-8759-1628049B5AFB}.Release|x86.Build.0 = Release|Any CPU
		{6B703D38-2922-4899-9536-85CE3E53E936}.Debug|Any CPU.ActiveCfg = Debug|Any CPU
		{6B703D38-2922-4899-9536-85CE3E53E936}.Debug|Any CPU.Build.0 = Debug|Any CPU
		{6B703D38-2922-4899-9536-85CE3E53E936}.Debug|x64.ActiveCfg = Debug|Any CPU
		{6B703D38-2922-4899-9536-85CE3E53E936}.Debug|x64.Build.0 = Debug|Any CPU
		{6B703D38-2922-4899-9536-85CE3E53E936}.Debug|x86.ActiveCfg = Debug|Any CPU
		{6B703D38-2922-4899-9536-85CE3E53E936}.Debug|x86.Build.0 = Debug|Any CPU
		{6B703D38-2922-4899-9536-85CE3E53E936}.Release|Any CPU.ActiveCfg = Release|Any CPU
		{6B703D38-2922-4899-9536-85CE3E53E936}.Release|Any CPU.Build.0 = Release|Any CPU
		{6B703D38-2922-4899-9536-85CE3E53E936}.Release|x64.ActiveCfg = Release|Any CPU
		{6B703D38-2922-4899-9536-85CE3E53E936}.Release|x64.Build.0 = Release|Any CPU
		{6B703D38-2922-4899-9536-85CE3E53E936}.Release|x86.ActiveCfg = Release|Any CPU
		{6B703D38-2922-4899-9536-85CE3E53E936}.Release|x86.Build.0 = Release|Any CPU
		{223DA419-0C3C-4FC0-8311-20169C8CA91A}.Debug|Any CPU.ActiveCfg = Debug|Any CPU
		{223DA419-0C3C-4FC0-8311-20169C8CA91A}.Debug|Any CPU.Build.0 = Debug|Any CPU
		{223DA419-0C3C-4FC0-8311-20169C8CA91A}.Debug|x64.ActiveCfg = Debug|Any CPU
		{223DA419-0C3C-4FC0-8311-20169C8CA91A}.Debug|x64.Build.0 = Debug|Any CPU
		{223DA419-0C3C-4FC0-8311-20169C8CA91A}.Debug|x86.ActiveCfg = Debug|Any CPU
		{223DA419-0C3C-4FC0-8311-20169C8CA91A}.Debug|x86.Build.0 = Debug|Any CPU
		{223DA419-0C3C-4FC0-8311-20169C8CA91A}.Release|Any CPU.ActiveCfg = Release|Any CPU
		{223DA419-0C3C-4FC0-8311-20169C8CA91A}.Release|Any CPU.Build.0 = Release|Any CPU
		{223DA419-0C3C-4FC0-8311-20169C8CA91A}.Release|x64.ActiveCfg = Release|Any CPU
		{223DA419-0C3C-4FC0-8311-20169C8CA91A}.Release|x64.Build.0 = Release|Any CPU
		{223DA419-0C3C-4FC0-8311-20169C8CA91A}.Release|x86.ActiveCfg = Release|Any CPU
		{223DA419-0C3C-4FC0-8311-20169C8CA91A}.Release|x86.Build.0 = Release|Any CPU
	EndGlobalSection
	GlobalSection(SolutionProperties) = preSolution
		HideSolutionNode = FALSE
	EndGlobalSection
	GlobalSection(ExtensibilityGlobals) = postSolution
		SolutionGuid = {998F57B4-3ACC-4B65-AA75-519B5F39851A}
	EndGlobalSection
EndGlobal
