
Microsoft Visual Studio Solution File, Format Version 12.00
# Visual Studio Version 16
VisualStudioVersion = 16.0.30204.135
MinimumVisualStudioVersion = 15.0.26124.0
Project("{E53339B2-1760-4266-BCC7-CA923CBCF16C}") = "docker-compose", "docker-compose.dcproj", "{223DA419-0C3C-4FC0-8311-20169C8CA91A}"
EndProject
Project("{9A19103F-16F7-4668-BE54-9A1E7A4F7556}") = "ConfigurationManager", "ConfigurationManager\ConfigurationManager.csproj", "{8E72BD02-08E8-4F38-862D-FC637AB13EE7}"
EndProject
Project("{9A19103F-16F7-4668-BE54-9A1E7A4F7556}") = "UserManager", "UserManager\UserManager.csproj", "{4F8F0DBD-3A70-46AF-8759-1628049B5AFB}"
EndProject
Project("{9A19103F-16F7-4668-BE54-9A1E7A4F7556}") = "Utilities", "Utilities\Utilities.csproj", "{E28531B3-8766-4698-B7A8-923E5C410157}"
EndProject
Project("{9A19103F-16F7-4668-BE54-9A1E7A4F7556}") = "Caching.Library", "Caching\Caching.Library\Caching.Library.csproj", "{EB8D3240-418E-4E05-A24C-3061C3C318C8}"
EndProject
Global
	GlobalSection(SolutionConfigurationPlatforms) = preSolution
		Debug|Any CPU = Debug|Any CPU
		Debug|x64 = Debug|x64
		Debug|x86 = Debug|x86
		Release|Any CPU = Release|Any CPU
		Release|x64 = Release|x64
		Release|x86 = Release|x86
	EndGlobalSection
	GlobalSection(ProjectConfigurationPlatforms) = postSolution
		{223DA419-0C3C-4FC0-8311-20169C8CA91A}.Debug|Any CPU.ActiveCfg = Debug|Any CPU
		{223DA419-0C3C-4FC0-8311-20169C8CA91A}.Debug|Any CPU.Build.0 = Debug|Any CPU
		{223DA419-0C3C-4FC0-8311-20169C8CA91A}.Debug|x64.ActiveCfg = Debug|Any CPU
		{223DA419-0C3C-4FC0-8311-20169C8CA91A}.Debug|x64.Build.0 = Debug|Any CPU
		{223DA419-0C3C-4FC0-8311-20169C8CA91A}.Debug|x86.ActiveCfg = Debug|Any CPU
		{223DA419-0C3C-4FC0-8311-20169C8CA91A}.Debug|x86.Build.0 = Debug|Any CPU
		{223DA419-0C3C-4FC0-8311-20169C8CA91A}.Release|Any CPU.ActiveCfg = Release|Any CPU
		{223DA419-0C3C-4FC0-8311-20169C8CA91A}.Release|Any CPU.Build.0 = Release|Any CPU
		{223DA419-0C3C-4FC0-8311-20169C8CA91A}.Release|x64.ActiveCfg = Release|Any CPU
		{223DA419-0C3C-4FC0-8311-20169C8CA91A}.Release|x64.Build.0 = Release|Any CPU
		{223DA419-0C3C-4FC0-8311-20169C8CA91A}.Release|x86.ActiveCfg = Release|Any CPU
		{223DA419-0C3C-4FC0-8311-20169C8CA91A}.Release|x86.Build.0 = Release|Any CPU
		{8E72BD02-08E8-4F38-862D-FC637AB13EE7}.Debug|Any CPU.ActiveCfg = Debug|Any CPU
		{8E72BD02-08E8-4F38-862D-FC637AB13EE7}.Debug|Any CPU.Build.0 = Debug|Any CPU
		{8E72BD02-08E8-4F38-862D-FC637AB13EE7}.Debug|x64.ActiveCfg = Debug|Any CPU
		{8E72BD02-08E8-4F38-862D-FC637AB13EE7}.Debug|x64.Build.0 = Debug|Any CPU
		{8E72BD02-08E8-4F38-862D-FC637AB13EE7}.Debug|x86.ActiveCfg = Debug|Any CPU
		{8E72BD02-08E8-4F38-862D-FC637AB13EE7}.Debug|x86.Build.0 = Debug|Any CPU
		{8E72BD02-08E8-4F38-862D-FC637AB13EE7}.Release|Any CPU.ActiveCfg = Release|Any CPU
		{8E72BD02-08E8-4F38-862D-FC637AB13EE7}.Release|Any CPU.Build.0 = Release|Any CPU
		{8E72BD02-08E8-4F38-862D-FC637AB13EE7}.Release|x64.ActiveCfg = Release|Any CPU
		{8E72BD02-08E8-4F38-862D-FC637AB13EE7}.Release|x64.Build.0 = Release|Any CPU
		{8E72BD02-08E8-4F38-862D-FC637AB13EE7}.Release|x86.ActiveCfg = Release|Any CPU
		{8E72BD02-08E8-4F38-862D-FC637AB13EE7}.Release|x86.Build.0 = Release|Any CPU
		{4F8F0DBD-3A70-46AF-8759-1628049B5AFB}.Debug|Any CPU.ActiveCfg = Debug|Any CPU
		{4F8F0DBD-3A70-46AF-8759-1628049B5AFB}.Debug|Any CPU.Build.0 = Debug|Any CPU
		{4F8F0DBD-3A70-46AF-8759-1628049B5AFB}.Debug|x64.ActiveCfg = Debug|Any CPU
		{4F8F0DBD-3A70-46AF-8759-1628049B5AFB}.Debug|x64.Build.0 = Debug|Any CPU
		{4F8F0DBD-3A70-46AF-8759-1628049B5AFB}.Debug|x86.ActiveCfg = Debug|Any CPU
		{4F8F0DBD-3A70-46AF-8759-1628049B5AFB}.Debug|x86.Build.0 = Debug|Any CPU
		{4F8F0DBD-3A70-46AF-8759-1628049B5AFB}.Release|Any CPU.ActiveCfg = Release|Any CPU
		{4F8F0DBD-3A70-46AF-8759-1628049B5AFB}.Release|Any CPU.Build.0 = Release|Any CPU
		{4F8F0DBD-3A70-46AF-8759-1628049B5AFB}.Release|x64.ActiveCfg = Release|Any CPU
		{4F8F0DBD-3A70-46AF-8759-1628049B5AFB}.Release|x64.Build.0 = Release|Any CPU
		{4F8F0DBD-3A70-46AF-8759-1628049B5AFB}.Release|x86.ActiveCfg = Release|Any CPU
		{4F8F0DBD-3A70-46AF-8759-1628049B5AFB}.Release|x86.Build.0 = Release|Any CPU
		{E28531B3-8766-4698-B7A8-923E5C410157}.Debug|Any CPU.ActiveCfg = Debug|Any CPU
		{E28531B3-8766-4698-B7A8-923E5C410157}.Debug|Any CPU.Build.0 = Debug|Any CPU
		{E28531B3-8766-4698-B7A8-923E5C410157}.Debug|x64.ActiveCfg = Debug|Any CPU
		{E28531B3-8766-4698-B7A8-923E5C410157}.Debug|x64.Build.0 = Debug|Any CPU
		{E28531B3-8766-4698-B7A8-923E5C410157}.Debug|x86.ActiveCfg = Debug|Any CPU
		{E28531B3-8766-4698-B7A8-923E5C410157}.Debug|x86.Build.0 = Debug|Any CPU
		{E28531B3-8766-4698-B7A8-923E5C410157}.Release|Any CPU.ActiveCfg = Release|Any CPU
		{E28531B3-8766-4698-B7A8-923E5C410157}.Release|Any CPU.Build.0 = Release|Any CPU
		{E28531B3-8766-4698-B7A8-923E5C410157}.Release|x64.ActiveCfg = Release|Any CPU
		{E28531B3-8766-4698-B7A8-923E5C410157}.Release|x64.Build.0 = Release|Any CPU
		{E28531B3-8766-4698-B7A8-923E5C410157}.Release|x86.ActiveCfg = Release|Any CPU
		{E28531B3-8766-4698-B7A8-923E5C410157}.Release|x86.Build.0 = Release|Any CPU
		{EB8D3240-418E-4E05-A24C-3061C3C318C8}.Debug|Any CPU.ActiveCfg = Debug|Any CPU
		{EB8D3240-418E-4E05-A24C-3061C3C318C8}.Debug|Any CPU.Build.0 = Debug|Any CPU
		{EB8D3240-418E-4E05-A24C-3061C3C318C8}.Debug|x64.ActiveCfg = Debug|Any CPU
		{EB8D3240-418E-4E05-A24C-3061C3C318C8}.Debug|x64.Build.0 = Debug|Any CPU
		{EB8D3240-418E-4E05-A24C-3061C3C318C8}.Debug|x86.ActiveCfg = Debug|Any CPU
		{EB8D3240-418E-4E05-A24C-3061C3C318C8}.Debug|x86.Build.0 = Debug|Any CPU
		{EB8D3240-418E-4E05-A24C-3061C3C318C8}.Release|Any CPU.ActiveCfg = Release|Any CPU
		{EB8D3240-418E-4E05-A24C-3061C3C318C8}.Release|Any CPU.Build.0 = Release|Any CPU
		{EB8D3240-418E-4E05-A24C-3061C3C318C8}.Release|x64.ActiveCfg = Release|Any CPU
		{EB8D3240-418E-4E05-A24C-3061C3C318C8}.Release|x64.Build.0 = Release|Any CPU
		{EB8D3240-418E-4E05-A24C-3061C3C318C8}.Release|x86.ActiveCfg = Release|Any CPU
		{EB8D3240-418E-4E05-A24C-3061C3C318C8}.Release|x86.Build.0 = Release|Any CPU
	EndGlobalSection
	GlobalSection(SolutionProperties) = preSolution
		HideSolutionNode = FALSE
	EndGlobalSection
	GlobalSection(ExtensibilityGlobals) = postSolution
		SolutionGuid = {998F57B4-3ACC-4B65-AA75-519B5F39851A}
	EndGlobalSection
EndGlobal
